
Microsoft Visual Studio Solution File, Format Version 12.00
# Visual Studio Version 16
VisualStudioVersion = 16.0.29519.87
MinimumVisualStudioVersion = 10.0.40219.1
Project("{FAE04EC0-301F-11D3-BF4B-00C04F79EFBC}") = "DevkitLibrary", "src\DevkitLibrary\DevkitLibrary.csproj", "{B3BDCF83-EAEE-4FC2-BF95-17785FA8FA43}"
EndProject
Project("{FAE04EC0-301F-11D3-BF4B-00C04F79EFBC}") = "DevkitLibrary.Demo", "src\DevkitLibrary.Demo\DevkitLibrary.Demo.csproj", "{75E9BADE-356C-4744-B624-BFF2DA943690}"
EndProject
Global
	GlobalSection(SolutionConfigurationPlatforms) = preSolution
		Debug|Any CPU = Debug|Any CPU
		Release|Any CPU = Release|Any CPU
	EndGlobalSection
	GlobalSection(ProjectConfigurationPlatforms) = postSolution
		{B3BDCF83-EAEE-4FC2-BF95-17785FA8FA43}.Debug|Any CPU.ActiveCfg = Debug|Any CPU
		{B3BDCF83-EAEE-4FC2-BF95-17785FA8FA43}.Debug|Any CPU.Build.0 = Debug|Any CPU
		{B3BDCF83-EAEE-4FC2-BF95-17785FA8FA43}.Release|Any CPU.ActiveCfg = Release|Any CPU
		{B3BDCF83-EAEE-4FC2-BF95-17785FA8FA43}.Release|Any CPU.Build.0 = Release|Any CPU
		{75E9BADE-356C-4744-B624-BFF2DA943690}.Debug|Any CPU.ActiveCfg = Debug|Any CPU
		{75E9BADE-356C-4744-B624-BFF2DA943690}.Debug|Any CPU.Build.0 = Debug|Any CPU
		{75E9BADE-356C-4744-B624-BFF2DA943690}.Release|Any CPU.ActiveCfg = Release|Any CPU
		{75E9BADE-356C-4744-B624-BFF2DA943690}.Release|Any CPU.Build.0 = Release|Any CPU
	EndGlobalSection
	GlobalSection(SolutionProperties) = preSolution
		HideSolutionNode = FALSE
	EndGlobalSection
	GlobalSection(ExtensibilityGlobals) = postSolution
		SolutionGuid = {B97B3830-6EFB-48AB-B489-B12C3C5236A3}
	EndGlobalSection
EndGlobal
